
Microsoft Visual Studio Solution File, Format Version 12.00
# Visual Studio 15
VisualStudioVersion = 15.0.28307.421
MinimumVisualStudioVersion = 10.0.40219.1
Project("{9A19103F-16F7-4668-BE54-9A1E7A4F7556}") = "Modular", "Modular\Modular.csproj", "{68BF3D6C-73A2-46F6-9408-512AC711E0AF}"
EndProject
Project("{2150E333-8FDC-42A3-9474-1A3956D46DE8}") = "Framework", "Framework", "{C4BA4587-BA13-4008-8266-1AF2497989CD}"
EndProject
Project("{9A19103F-16F7-4668-BE54-9A1E7A4F7556}") = "Contracts", "Framework\Contracts\Contracts.csproj", "{38740030-5CF4-4FED-BFD6-9B50679C3DDF}"
EndProject
Project("{2150E333-8FDC-42A3-9474-1A3956D46DE8}") = "Core", "Core", "{8636D716-F6F3-484E-AB1B-D39D2AF9B878}"
EndProject
Project("{9A19103F-16F7-4668-BE54-9A1E7A4F7556}") = "RequestHandler", "Framework\Core\RequestHandler\RequestHandler.csproj", "{9F37A615-4A2C-4111-880C-9443BA384519}"
EndProject
Project("{FAE04EC0-301F-11D3-BF4B-00C04F79EFBC}") = "CoreCommons", "Framework\Core\CoreCommons\CoreCommons.csproj", "{D2BFBDFE-AF80-4A1D-9768-43E65337927F}"
EndProject
Project("{2150E333-8FDC-42A3-9474-1A3956D46DE8}") = "Tests", "Tests", "{96C016B0-0AF7-4B2C-A68A-DD322466D759}"
EndProject
Project("{9A19103F-16F7-4668-BE54-9A1E7A4F7556}") = "RequestHandler.Tests", "Framework\Core\Tests\RequestHandler.Tests\RequestHandler.Tests.csproj", "{2EA76177-B0C2-431B-BF2C-6E6AA7894270}"
EndProject
Project("{FAE04EC0-301F-11D3-BF4B-00C04F79EFBC}") = "TestWebApplication", "Test\TestWebApplication\TestWebApplication.csproj", "{8911C0E1-728B-4A76-B714-47091F2BC1B1}"
EndProject
Project("{2150E333-8FDC-42A3-9474-1A3956D46DE8}") = "Test", "Test", "{9C0FBA30-77AE-4632-AB1A-6D599B629B95}"
EndProject
Global
	GlobalSection(SolutionConfigurationPlatforms) = preSolution
		Debug|Any CPU = Debug|Any CPU
		Release|Any CPU = Release|Any CPU
	EndGlobalSection
	GlobalSection(ProjectConfigurationPlatforms) = postSolution
		{68BF3D6C-73A2-46F6-9408-512AC711E0AF}.Debug|Any CPU.ActiveCfg = Debug|Any CPU
		{68BF3D6C-73A2-46F6-9408-512AC711E0AF}.Debug|Any CPU.Build.0 = Debug|Any CPU
		{68BF3D6C-73A2-46F6-9408-512AC711E0AF}.Release|Any CPU.ActiveCfg = Release|Any CPU
		{68BF3D6C-73A2-46F6-9408-512AC711E0AF}.Release|Any CPU.Build.0 = Release|Any CPU
		{38740030-5CF4-4FED-BFD6-9B50679C3DDF}.Debug|Any CPU.ActiveCfg = Debug|Any CPU
		{38740030-5CF4-4FED-BFD6-9B50679C3DDF}.Debug|Any CPU.Build.0 = Debug|Any CPU
		{38740030-5CF4-4FED-BFD6-9B50679C3DDF}.Release|Any CPU.ActiveCfg = Release|Any CPU
		{38740030-5CF4-4FED-BFD6-9B50679C3DDF}.Release|Any CPU.Build.0 = Release|Any CPU
		{9F37A615-4A2C-4111-880C-9443BA384519}.Debug|Any CPU.ActiveCfg = Debug|Any CPU
		{9F37A615-4A2C-4111-880C-9443BA384519}.Debug|Any CPU.Build.0 = Debug|Any CPU
		{9F37A615-4A2C-4111-880C-9443BA384519}.Release|Any CPU.ActiveCfg = Release|Any CPU
		{9F37A615-4A2C-4111-880C-9443BA384519}.Release|Any CPU.Build.0 = Release|Any CPU
		{D2BFBDFE-AF80-4A1D-9768-43E65337927F}.Debug|Any CPU.ActiveCfg = Debug|Any CPU
		{D2BFBDFE-AF80-4A1D-9768-43E65337927F}.Debug|Any CPU.Build.0 = Debug|Any CPU
		{D2BFBDFE-AF80-4A1D-9768-43E65337927F}.Release|Any CPU.ActiveCfg = Release|Any CPU
		{D2BFBDFE-AF80-4A1D-9768-43E65337927F}.Release|Any CPU.Build.0 = Release|Any CPU
		{2EA76177-B0C2-431B-BF2C-6E6AA7894270}.Debug|Any CPU.ActiveCfg = Debug|Any CPU
		{2EA76177-B0C2-431B-BF2C-6E6AA7894270}.Debug|Any CPU.Build.0 = Debug|Any CPU
		{2EA76177-B0C2-431B-BF2C-6E6AA7894270}.Release|Any CPU.ActiveCfg = Release|Any CPU
		{2EA76177-B0C2-431B-BF2C-6E6AA7894270}.Release|Any CPU.Build.0 = Release|Any CPU
		{8911C0E1-728B-4A76-B714-47091F2BC1B1}.Debug|Any CPU.ActiveCfg = Debug|Any CPU
		{8911C0E1-728B-4A76-B714-47091F2BC1B1}.Debug|Any CPU.Build.0 = Debug|Any CPU
		{8911C0E1-728B-4A76-B714-47091F2BC1B1}.Release|Any CPU.ActiveCfg = Release|Any CPU
		{8911C0E1-728B-4A76-B714-47091F2BC1B1}.Release|Any CPU.Build.0 = Release|Any CPU
	EndGlobalSection
	GlobalSection(SolutionProperties) = preSolution
		HideSolutionNode = FALSE
	EndGlobalSection
	GlobalSection(NestedProjects) = preSolution
		{38740030-5CF4-4FED-BFD6-9B50679C3DDF} = {C4BA4587-BA13-4008-8266-1AF2497989CD}
		{8636D716-F6F3-484E-AB1B-D39D2AF9B878} = {C4BA4587-BA13-4008-8266-1AF2497989CD}
		{9F37A615-4A2C-4111-880C-9443BA384519} = {8636D716-F6F3-484E-AB1B-D39D2AF9B878}
		{D2BFBDFE-AF80-4A1D-9768-43E65337927F} = {8636D716-F6F3-484E-AB1B-D39D2AF9B878}
		{96C016B0-0AF7-4B2C-A68A-DD322466D759} = {8636D716-F6F3-484E-AB1B-D39D2AF9B878}
		{2EA76177-B0C2-431B-BF2C-6E6AA7894270} = {96C016B0-0AF7-4B2C-A68A-DD322466D759}
		{8911C0E1-728B-4A76-B714-47091F2BC1B1} = {9C0FBA30-77AE-4632-AB1A-6D599B629B95}
	EndGlobalSection
	GlobalSection(ExtensibilityGlobals) = postSolution
		SolutionGuid = {4EE56F6E-B0D4-4E2A-8981-6425B1473EDC}
	EndGlobalSection
EndGlobal
